
Microsoft Visual Studio Solution File, Format Version 12.00
# Visual Studio Version 16
VisualStudioVersion = 16.0.29613.14
MinimumVisualStudioVersion = 10.0.40219.1
Project("{9A19103F-16F7-4668-BE54-9A1E7A4F7556}") = "HomeServices", "HomeServices\HomeServices.csproj", "{3C76E26F-0422-46C5-AED4-75755CA1C45C}"
EndProject
Project("{FAE04EC0-301F-11D3-BF4B-00C04F79EFBC}") = "HomeServices.Manager", "HomeServices.Manager\HomeServices.Manager.csproj", "{722CF89B-06B1-4130-A3BC-329F4309153E}"
EndProject
Global
	GlobalSection(SolutionConfigurationPlatforms) = preSolution
		Debug|Any CPU = Debug|Any CPU
		Release|Any CPU = Release|Any CPU
	EndGlobalSection
	GlobalSection(ProjectConfigurationPlatforms) = postSolution
		{3C76E26F-0422-46C5-AED4-75755CA1C45C}.Debug|Any CPU.ActiveCfg = Debug|Any CPU
		{3C76E26F-0422-46C5-AED4-75755CA1C45C}.Debug|Any CPU.Build.0 = Debug|Any CPU
		{3C76E26F-0422-46C5-AED4-75755CA1C45C}.Release|Any CPU.ActiveCfg = Release|Any CPU
		{3C76E26F-0422-46C5-AED4-75755CA1C45C}.Release|Any CPU.Build.0 = Release|Any CPU
		{722CF89B-06B1-4130-A3BC-329F4309153E}.Debug|Any CPU.ActiveCfg = Debug|Any CPU
		{722CF89B-06B1-4130-A3BC-329F4309153E}.Debug|Any CPU.Build.0 = Debug|Any CPU
		{722CF89B-06B1-4130-A3BC-329F4309153E}.Release|Any CPU.ActiveCfg = Release|Any CPU
		{722CF89B-06B1-4130-A3BC-329F4309153E}.Release|Any CPU.Build.0 = Release|Any CPU
	EndGlobalSection
	GlobalSection(SolutionProperties) = preSolution
		HideSolutionNode = FALSE
	EndGlobalSection
	GlobalSection(ExtensibilityGlobals) = postSolution
		SolutionGuid = {DDE459C4-1690-49AF-BAEF-33E6412B5794}
	EndGlobalSection
EndGlobal
